
Microsoft Visual Studio Solution File, Format Version 12.00
Project("{FAE04EC0-301F-11D3-BF4B-00C04F79EFBC}") = "VideoDataMicroservice", "VideoDataMicroservice\VideoDataMicroservice.csproj", "{FCBC33B0-F112-41C1-8244-E864BB10C366}"
EndProject
Project("{2150E333-8FDC-42A3-9474-1A3956D46DE8}") = "Solution Items", "Solution Items", "{9E982A7C-350B-4557-891F-326E88F1D999}"
	ProjectSection(SolutionItems) = preProject
		docker-compose.yaml = docker-compose.yaml
	EndProjectSection
EndProject
Project("{FAE04EC0-301F-11D3-BF4B-00C04F79EFBC}") = "FileProcessingMicroservice", "FileProcessingMicroservice\FileProcessingMicroservice.csproj", "{0E665EE1-D0A0-4089-941E-CBBA109C9FCB}"
EndProject
Global
	GlobalSection(SolutionConfigurationPlatforms) = preSolution
		Debug|Any CPU = Debug|Any CPU
		Release|Any CPU = Release|Any CPU
	EndGlobalSection
	GlobalSection(ProjectConfigurationPlatforms) = postSolution
		{FCBC33B0-F112-41C1-8244-E864BB10C366}.Debug|Any CPU.ActiveCfg = Debug|Any CPU
		{FCBC33B0-F112-41C1-8244-E864BB10C366}.Debug|Any CPU.Build.0 = Debug|Any CPU
		{FCBC33B0-F112-41C1-8244-E864BB10C366}.Release|Any CPU.ActiveCfg = Release|Any CPU
		{FCBC33B0-F112-41C1-8244-E864BB10C366}.Release|Any CPU.Build.0 = Release|Any CPU
		{0E665EE1-D0A0-4089-941E-CBBA109C9FCB}.Debug|Any CPU.ActiveCfg = Debug|Any CPU
		{0E665EE1-D0A0-4089-941E-CBBA109C9FCB}.Debug|Any CPU.Build.0 = Debug|Any CPU
		{0E665EE1-D0A0-4089-941E-CBBA109C9FCB}.Release|Any CPU.ActiveCfg = Release|Any CPU
		{0E665EE1-D0A0-4089-941E-CBBA109C9FCB}.Release|Any CPU.Build.0 = Release|Any CPU
	EndGlobalSection
EndGlobal
